
Microsoft Visual Studio Solution File, Format Version 12.00
# Visual Studio Version 16
VisualStudioVersion = 16.0.33214.272
MinimumVisualStudioVersion = 10.0.40219.1
Project("{FAE04EC0-301F-11D3-BF4B-00C04F79EFBC}") = "Challenge5", "Challenge5\Challenge5.csproj", "{10C7FCA2-C800-4BFE-AE4B-B7A4B6A30D56}"
EndProject
Global
	GlobalSection(SolutionConfigurationPlatforms) = preSolution
		Debug|Any CPU = Debug|Any CPU
		Release|Any CPU = Release|Any CPU
	EndGlobalSection
	GlobalSection(ProjectConfigurationPlatforms) = postSolution
		{10C7FCA2-C800-4BFE-AE4B-B7A4B6A30D56}.Debug|Any CPU.ActiveCfg = Debug|Any CPU
		{10C7FCA2-C800-4BFE-AE4B-B7A4B6A30D56}.Debug|Any CPU.Build.0 = Debug|Any CPU
		{10C7FCA2-C800-4BFE-AE4B-B7A4B6A30D56}.Release|Any CPU.ActiveCfg = Release|Any CPU
		{10C7FCA2-C800-4BFE-AE4B-B7A4B6A30D56}.Release|Any CPU.Build.0 = Release|Any CPU
	EndGlobalSection
	GlobalSection(SolutionProperties) = preSolution
		HideSolutionNode = FALSE
	EndGlobalSection
	GlobalSection(ExtensibilityGlobals) = postSolution
		SolutionGuid = {5D0C038A-D308-4FB8-8B55-10CDD5E3BF53}
	EndGlobalSection
EndGlobal
